
Microsoft Visual Studio Solution File, Format Version 12.00
# Visual Studio 15
VisualStudioVersion = 15.0.26124.0
MinimumVisualStudioVersion = 15.0.26124.0
Project("{FAE04EC0-301F-11D3-BF4B-00C04F79EFBC}") = "PacktNewsletterApp.MailSender", "PacktNewsletterApp.MailSender\PacktNewsletterApp.MailSender.csproj", "{052E7C46-8BBB-4CBC-A06E-9B93DE4ACF36}"
EndProject
Project("{FAE04EC0-301F-11D3-BF4B-00C04F79EFBC}") = "PacktNewsletterApp.PacktHtmlParser", "PacktNewsletterApp.PacktHtmlParser\PacktNewsletterApp.PacktHtmlParser.csproj", "{20CAE434-14C8-4F06-92A9-5BCC7E411D13}"
EndProject
Project("{FAE04EC0-301F-11D3-BF4B-00C04F79EFBC}") = "PacktNewsletterApp.PacktNewsletterMVC", "PacktNewsletterApp.PacktNewsletterMVC\PacktNewsletterApp.PacktNewsletterMVC.csproj", "{18048D09-7FF3-4F8A-B234-00F2D4030232}"
EndProject
Project("{FAE04EC0-301F-11D3-BF4B-00C04F79EFBC}") = "PacktNewsletterApp.Data", "PacktNewsletterApp.Data\PacktNewsletterApp.Data.csproj", "{8E2F83FC-5695-40B4-9D75-9B30EE2EDD3C}"
EndProject
Project("{FAE04EC0-301F-11D3-BF4B-00C04F79EFBC}") = "PacktNewsletterApp.DirtyTester", "PacktNewsletterApp.DirtyTester\PacktNewsletterApp.DirtyTester.csproj", "{91C5B6EA-479F-4EB1-8508-511B12769B20}"
EndProject
Global
	GlobalSection(SolutionConfigurationPlatforms) = preSolution
		Debug|Any CPU = Debug|Any CPU
		Debug|x64 = Debug|x64
		Debug|x86 = Debug|x86
		Release|Any CPU = Release|Any CPU
		Release|x64 = Release|x64
		Release|x86 = Release|x86
	EndGlobalSection
	GlobalSection(SolutionProperties) = preSolution
		HideSolutionNode = FALSE
	EndGlobalSection
	GlobalSection(ProjectConfigurationPlatforms) = postSolution
		{052E7C46-8BBB-4CBC-A06E-9B93DE4ACF36}.Debug|Any CPU.ActiveCfg = Debug|Any CPU
		{052E7C46-8BBB-4CBC-A06E-9B93DE4ACF36}.Debug|Any CPU.Build.0 = Debug|Any CPU
		{052E7C46-8BBB-4CBC-A06E-9B93DE4ACF36}.Debug|x64.ActiveCfg = Debug|Any CPU
		{052E7C46-8BBB-4CBC-A06E-9B93DE4ACF36}.Debug|x64.Build.0 = Debug|Any CPU
		{052E7C46-8BBB-4CBC-A06E-9B93DE4ACF36}.Debug|x86.ActiveCfg = Debug|Any CPU
		{052E7C46-8BBB-4CBC-A06E-9B93DE4ACF36}.Debug|x86.Build.0 = Debug|Any CPU
		{052E7C46-8BBB-4CBC-A06E-9B93DE4ACF36}.Release|Any CPU.ActiveCfg = Release|Any CPU
		{052E7C46-8BBB-4CBC-A06E-9B93DE4ACF36}.Release|Any CPU.Build.0 = Release|Any CPU
		{052E7C46-8BBB-4CBC-A06E-9B93DE4ACF36}.Release|x64.ActiveCfg = Release|Any CPU
		{052E7C46-8BBB-4CBC-A06E-9B93DE4ACF36}.Release|x64.Build.0 = Release|Any CPU
		{052E7C46-8BBB-4CBC-A06E-9B93DE4ACF36}.Release|x86.ActiveCfg = Release|Any CPU
		{052E7C46-8BBB-4CBC-A06E-9B93DE4ACF36}.Release|x86.Build.0 = Release|Any CPU
		{20CAE434-14C8-4F06-92A9-5BCC7E411D13}.Debug|Any CPU.ActiveCfg = Debug|Any CPU
		{20CAE434-14C8-4F06-92A9-5BCC7E411D13}.Debug|Any CPU.Build.0 = Debug|Any CPU
		{20CAE434-14C8-4F06-92A9-5BCC7E411D13}.Debug|x64.ActiveCfg = Debug|Any CPU
		{20CAE434-14C8-4F06-92A9-5BCC7E411D13}.Debug|x64.Build.0 = Debug|Any CPU
		{20CAE434-14C8-4F06-92A9-5BCC7E411D13}.Debug|x86.ActiveCfg = Debug|Any CPU
		{20CAE434-14C8-4F06-92A9-5BCC7E411D13}.Debug|x86.Build.0 = Debug|Any CPU
		{20CAE434-14C8-4F06-92A9-5BCC7E411D13}.Release|Any CPU.ActiveCfg = Release|Any CPU
		{20CAE434-14C8-4F06-92A9-5BCC7E411D13}.Release|Any CPU.Build.0 = Release|Any CPU
		{20CAE434-14C8-4F06-92A9-5BCC7E411D13}.Release|x64.ActiveCfg = Release|Any CPU
		{20CAE434-14C8-4F06-92A9-5BCC7E411D13}.Release|x64.Build.0 = Release|Any CPU
		{20CAE434-14C8-4F06-92A9-5BCC7E411D13}.Release|x86.ActiveCfg = Release|Any CPU
		{20CAE434-14C8-4F06-92A9-5BCC7E411D13}.Release|x86.Build.0 = Release|Any CPU
		{18048D09-7FF3-4F8A-B234-00F2D4030232}.Debug|Any CPU.ActiveCfg = Debug|Any CPU
		{18048D09-7FF3-4F8A-B234-00F2D4030232}.Debug|Any CPU.Build.0 = Debug|Any CPU
		{18048D09-7FF3-4F8A-B234-00F2D4030232}.Debug|x64.ActiveCfg = Debug|Any CPU
		{18048D09-7FF3-4F8A-B234-00F2D4030232}.Debug|x64.Build.0 = Debug|Any CPU
		{18048D09-7FF3-4F8A-B234-00F2D4030232}.Debug|x86.ActiveCfg = Debug|Any CPU
		{18048D09-7FF3-4F8A-B234-00F2D4030232}.Debug|x86.Build.0 = Debug|Any CPU
		{18048D09-7FF3-4F8A-B234-00F2D4030232}.Release|Any CPU.ActiveCfg = Release|Any CPU
		{18048D09-7FF3-4F8A-B234-00F2D4030232}.Release|Any CPU.Build.0 = Release|Any CPU
		{18048D09-7FF3-4F8A-B234-00F2D4030232}.Release|x64.ActiveCfg = Release|Any CPU
		{18048D09-7FF3-4F8A-B234-00F2D4030232}.Release|x64.Build.0 = Release|Any CPU
		{18048D09-7FF3-4F8A-B234-00F2D4030232}.Release|x86.ActiveCfg = Release|Any CPU
		{18048D09-7FF3-4F8A-B234-00F2D4030232}.Release|x86.Build.0 = Release|Any CPU
		{8E2F83FC-5695-40B4-9D75-9B30EE2EDD3C}.Debug|Any CPU.ActiveCfg = Debug|Any CPU
		{8E2F83FC-5695-40B4-9D75-9B30EE2EDD3C}.Debug|Any CPU.Build.0 = Debug|Any CPU
		{8E2F83FC-5695-40B4-9D75-9B30EE2EDD3C}.Debug|x64.ActiveCfg = Debug|Any CPU
		{8E2F83FC-5695-40B4-9D75-9B30EE2EDD3C}.Debug|x64.Build.0 = Debug|Any CPU
		{8E2F83FC-5695-40B4-9D75-9B30EE2EDD3C}.Debug|x86.ActiveCfg = Debug|Any CPU
		{8E2F83FC-5695-40B4-9D75-9B30EE2EDD3C}.Debug|x86.Build.0 = Debug|Any CPU
		{8E2F83FC-5695-40B4-9D75-9B30EE2EDD3C}.Release|Any CPU.ActiveCfg = Release|Any CPU
		{8E2F83FC-5695-40B4-9D75-9B30EE2EDD3C}.Release|Any CPU.Build.0 = Release|Any CPU
		{8E2F83FC-5695-40B4-9D75-9B30EE2EDD3C}.Release|x64.ActiveCfg = Release|Any CPU
		{8E2F83FC-5695-40B4-9D75-9B30EE2EDD3C}.Release|x64.Build.0 = Release|Any CPU
		{8E2F83FC-5695-40B4-9D75-9B30EE2EDD3C}.Release|x86.ActiveCfg = Release|Any CPU
		{8E2F83FC-5695-40B4-9D75-9B30EE2EDD3C}.Release|x86.Build.0 = Release|Any CPU
		{91C5B6EA-479F-4EB1-8508-511B12769B20}.Debug|Any CPU.ActiveCfg = Debug|Any CPU
		{91C5B6EA-479F-4EB1-8508-511B12769B20}.Debug|Any CPU.Build.0 = Debug|Any CPU
		{91C5B6EA-479F-4EB1-8508-511B12769B20}.Debug|x64.ActiveCfg = Debug|Any CPU
		{91C5B6EA-479F-4EB1-8508-511B12769B20}.Debug|x64.Build.0 = Debug|Any CPU
		{91C5B6EA-479F-4EB1-8508-511B12769B20}.Debug|x86.ActiveCfg = Debug|Any CPU
		{91C5B6EA-479F-4EB1-8508-511B12769B20}.Debug|x86.Build.0 = Debug|Any CPU
		{91C5B6EA-479F-4EB1-8508-511B12769B20}.Release|Any CPU.ActiveCfg = Release|Any CPU
		{91C5B6EA-479F-4EB1-8508-511B12769B20}.Release|Any CPU.Build.0 = Release|Any CPU
		{91C5B6EA-479F-4EB1-8508-511B12769B20}.Release|x64.ActiveCfg = Release|Any CPU
		{91C5B6EA-479F-4EB1-8508-511B12769B20}.Release|x64.Build.0 = Release|Any CPU
		{91C5B6EA-479F-4EB1-8508-511B12769B20}.Release|x86.ActiveCfg = Release|Any CPU
		{91C5B6EA-479F-4EB1-8508-511B12769B20}.Release|x86.Build.0 = Release|Any CPU
	EndGlobalSection
EndGlobal
